
Microsoft Visual Studio Solution File, Format Version 12.00
# Visual Studio Version 17
VisualStudioVersion = 17.4.33110.190
MinimumVisualStudioVersion = 10.0.40219.1
Project("{FAE04EC0-301F-11D3-BF4B-00C04F79EFBC}") = "RetroFootballWeb", "RetroFootballWeb\RetroFootballWeb.csproj", "{46E6C2A6-95DF-4048-932B-E8D25157DF4D}"
EndProject
Global
	GlobalSection(SolutionConfigurationPlatforms) = preSolution
		Debug|Any CPU = Debug|Any CPU
		Release|Any CPU = Release|Any CPU
	EndGlobalSection
	GlobalSection(ProjectConfigurationPlatforms) = postSolution
		{46E6C2A6-95DF-4048-932B-E8D25157DF4D}.Debug|Any CPU.ActiveCfg = Debug|Any CPU
		{46E6C2A6-95DF-4048-932B-E8D25157DF4D}.Debug|Any CPU.Build.0 = Debug|Any CPU
		{46E6C2A6-95DF-4048-932B-E8D25157DF4D}.Release|Any CPU.ActiveCfg = Release|Any CPU
		{46E6C2A6-95DF-4048-932B-E8D25157DF4D}.Release|Any CPU.Build.0 = Release|Any CPU
	EndGlobalSection
	GlobalSection(SolutionProperties) = preSolution
		HideSolutionNode = FALSE
	EndGlobalSection
	GlobalSection(ExtensibilityGlobals) = postSolution
		SolutionGuid = {01DF6656-0BFE-46FB-B38E-260108036147}
	EndGlobalSection
EndGlobal
